// !$*UTF8*$!
{
	archiveVersion = 1;
	classes = {
	};
	objectVersion = 50;
	objects = {

/* Begin PBXBuildFile section */
		085DA8A7215D3E2E00EAE3E4 /* City.swift in Sources */ = {isa = PBXBuildFile; fileRef = 085DA8A6215D3E2E00EAE3E4 /* City.swift */; };
		085DA8AA215D415600EAE3E4 /* city.json in Resources */ = {isa = PBXBuildFile; fileRef = 085DA8A9215D415600EAE3E4 /* city.json */; };
		08A082B2215A3DD6007BDCBA /* WeatherViewModel.swift in Sources */ = {isa = PBXBuildFile; fileRef = 08A082B1215A3DD6007BDCBA /* WeatherViewModel.swift */; };
		08A082B4215A3EA7007BDCBA /* WeatherModel.swift in Sources */ = {isa = PBXBuildFile; fileRef = 08A082B3215A3EA7007BDCBA /* WeatherModel.swift */; };
		08A082B6215A3F61007BDCBA /* WeatherUtilities.swift in Sources */ = {isa = PBXBuildFile; fileRef = 08A082B5215A3F61007BDCBA /* WeatherUtilities.swift */; };
		08A082B8215A3FFD007BDCBA /* Downloadable.swift in Sources */ = {isa = PBXBuildFile; fileRef = 08A082B7215A3FFC007BDCBA /* Downloadable.swift */; };
		08A082BA215A405A007BDCBA /* Result.swift in Sources */ = {isa = PBXBuildFile; fileRef = 08A082B9215A405A007BDCBA /* Result.swift */; };
		08A082BC215A40B6007BDCBA /* Parseable.swift in Sources */ = {isa = PBXBuildFile; fileRef = 08A082BB215A40B6007BDCBA /* Parseable.swift */; };
		08A082BF215A4258007BDCBA /* Constants.swift in Sources */ = {isa = PBXBuildFile; fileRef = 08A082BE215A4258007BDCBA /* Constants.swift */; };
		08A082C2215A43E5007BDCBA /* WeatherCollectionCell.swift in Sources */ = {isa = PBXBuildFile; fileRef = 08A082C0215A43E4007BDCBA /* WeatherCollectionCell.swift */; };
		08A082C3215A43E5007BDCBA /* WeatherTableCell.swift in Sources */ = {isa = PBXBuildFile; fileRef = 08A082C1215A43E4007BDCBA /* WeatherTableCell.swift */; };
		08BC99E52159434A00D57F6D /* AppDelegate.swift in Sources */ = {isa = PBXBuildFile; fileRef = 08BC99E42159434A00D57F6D /* AppDelegate.swift */; };
		08BC99E72159434A00D57F6D /* WeatherViewController.swift in Sources */ = {isa = PBXBuildFile; fileRef = 08BC99E62159434A00D57F6D /* WeatherViewController.swift */; };
		08BC99EA2159434A00D57F6D /* Main.storyboard in Resources */ = {isa = PBXBuildFile; fileRef = 08BC99E82159434A00D57F6D /* Main.storyboard */; };
		08BC99EC2159434E00D57F6D /* Assets.xcassets in Resources */ = {isa = PBXBuildFile; fileRef = 08BC99EB2159434E00D57F6D /* Assets.xcassets */; };
		08BC99EF2159434E00D57F6D /* LaunchScreen.storyboard in Resources */ = {isa = PBXBuildFile; fileRef = 08BC99ED2159434E00D57F6D /* LaunchScreen.storyboard */; };
		08BC99FA2159434E00D57F6D /* WeatherViewModelTests.swift in Sources */ = {isa = PBXBuildFile; fileRef = 08BC99F92159434E00D57F6D /* WeatherViewModelTests.swift */; };
		08CDA0B4215EA0FC0081AF24 /* WeatherUtilitiesTest.swift in Sources */ = {isa = PBXBuildFile; fileRef = 08CDA0B3215EA0FC0081AF24 /* WeatherUtilitiesTest.swift */; };
		08CDA0B6215EA7D50081AF24 /* weatherMiscellaneousTest.swift in Sources */ = {isa = PBXBuildFile; fileRef = 08CDA0B5215EA7D50081AF24 /* weatherMiscellaneousTest.swift */; };
/* End PBXBuildFile section */

/* Begin PBXContainerItemProxy section */
		08BC99F62159434E00D57F6D /* PBXContainerItemProxy */ = {
			isa = PBXContainerItemProxy;
			containerPortal = 08BC99D92159434A00D57F6D /* Project object */;
			proxyType = 1;
			remoteGlobalIDString = 08BC99E02159434A00D57F6D;
			remoteInfo = WeatherToday;
		};
/* End PBXContainerItemProxy section */

/* Begin PBXFileReference section */
		085DA8A6215D3E2E00EAE3E4 /* City.swift */ = {isa = PBXFileReference; lastKnownFileType = sourcecode.swift; path = City.swift; sourceTree = "<group>"; };
		085DA8A9215D415600EAE3E4 /* city.json */ = {isa = PBXFileReference; fileEncoding = 4; lastKnownFileType = text.json; path = city.json; sourceTree = "<group>"; };
		08A082B1215A3DD6007BDCBA /* WeatherViewModel.swift */ = {isa = PBXFileReference; lastKnownFileType = sourcecode.swift; path = WeatherViewModel.swift; sourceTree = "<group>"; };
		08A082B3215A3EA7007BDCBA /* WeatherModel.swift */ = {isa = PBXFileReference; lastKnownFileType = sourcecode.swift; path = WeatherModel.swift; sourceTree = "<group>"; };
		08A082B5215A3F61007BDCBA /* WeatherUtilities.swift */ = {isa = PBXFileReference; lastKnownFileType = sourcecode.swift; path = WeatherUtilities.swift; sourceTree = "<group>"; };
		08A082B7215A3FFC007BDCBA /* Downloadable.swift */ = {isa = PBXFileReference; fileEncoding = 4; lastKnownFileType = sourcecode.swift; path = Downloadable.swift; sourceTree = "<group>"; };
		08A082B9215A405A007BDCBA /* Result.swift */ = {isa = PBXFileReference; lastKnownFileType = sourcecode.swift; path = Result.swift; sourceTree = "<group>"; };
		08A082BB215A40B6007BDCBA /* Parseable.swift */ = {isa = PBXFileReference; fileEncoding = 4; lastKnownFileType = sourcecode.swift; path = Parseable.swift; sourceTree = "<group>"; };
		08A082BE215A4258007BDCBA /* Constants.swift */ = {isa = PBXFileReference; lastKnownFileType = sourcecode.swift; path = Constants.swift; sourceTree = "<group>"; };
		08A082C0215A43E4007BDCBA /* WeatherCollectionCell.swift */ = {isa = PBXFileReference; fileEncoding = 4; lastKnownFileType = sourcecode.swift; path = WeatherCollectionCell.swift; sourceTree = "<group>"; };
		08A082C1215A43E4007BDCBA /* WeatherTableCell.swift */ = {isa = PBXFileReference; fileEncoding = 4; lastKnownFileType = sourcecode.swift; path = WeatherTableCell.swift; sourceTree = "<group>"; };
		08BC99E12159434A00D57F6D /* WeatherToday.app */ = {isa = PBXFileReference; explicitFileType = wrapper.application; includeInIndex = 0; path = WeatherToday.app; sourceTree = BUILT_PRODUCTS_DIR; };
		08BC99E42159434A00D57F6D /* AppDelegate.swift */ = {isa = PBXFileReference; lastKnownFileType = sourcecode.swift; path = AppDelegate.swift; sourceTree = "<group>"; };
		08BC99E62159434A00D57F6D /* WeatherViewController.swift */ = {isa = PBXFileReference; lastKnownFileType = sourcecode.swift; path = WeatherViewController.swift; sourceTree = "<group>"; };
		08BC99E92159434A00D57F6D /* Base */ = {isa = PBXFileReference; lastKnownFileType = file.storyboard; name = Base; path = Base.lproj/Main.storyboard; sourceTree = "<group>"; };
		08BC99EB2159434E00D57F6D /* Assets.xcassets */ = {isa = PBXFileReference; lastKnownFileType = folder.assetcatalog; path = Assets.xcassets; sourceTree = "<group>"; };
		08BC99EE2159434E00D57F6D /* Base */ = {isa = PBXFileReference; lastKnownFileType = file.storyboard; name = Base; path = Base.lproj/LaunchScreen.storyboard; sourceTree = "<group>"; };
		08BC99F02159434E00D57F6D /* Info.plist */ = {isa = PBXFileReference; lastKnownFileType = text.plist.xml; path = Info.plist; sourceTree = "<group>"; };
		08BC99F52159434E00D57F6D /* WeatherTodayTests.xctest */ = {isa = PBXFileReference; explicitFileType = wrapper.cfbundle; includeInIndex = 0; path = WeatherTodayTests.xctest; sourceTree = BUILT_PRODUCTS_DIR; };
		08BC99F92159434E00D57F6D /* WeatherViewModelTests.swift */ = {isa = PBXFileReference; lastKnownFileType = sourcecode.swift; path = WeatherViewModelTests.swift; sourceTree = "<group>"; };
		08BC99FB2159434E00D57F6D /* Info.plist */ = {isa = PBXFileReference; lastKnownFileType = text.plist.xml; path = Info.plist; sourceTree = "<group>"; };
		08CDA0B3215EA0FC0081AF24 /* WeatherUtilitiesTest.swift */ = {isa = PBXFileReference; lastKnownFileType = sourcecode.swift; path = WeatherUtilitiesTest.swift; sourceTree = "<group>"; };
		08CDA0B5215EA7D50081AF24 /* weatherMiscellaneousTest.swift */ = {isa = PBXFileReference; lastKnownFileType = sourcecode.swift; path = weatherMiscellaneousTest.swift; sourceTree = "<group>"; };
/* End PBXFileReference section */

/* Begin PBXFrameworksBuildPhase section */
		08BC99DE2159434A00D57F6D /* Frameworks */ = {
			isa = PBXFrameworksBuildPhase;
			buildActionMask = 2147483647;
			files = (
			);
			runOnlyForDeploymentPostprocessing = 0;
		};
		08BC99F22159434E00D57F6D /* Frameworks */ = {
			isa = PBXFrameworksBuildPhase;
			buildActionMask = 2147483647;
			files = (
			);
			runOnlyForDeploymentPostprocessing = 0;
		};
/* End PBXFrameworksBuildPhase section */

/* Begin PBXGroup section */
		085DA8A8215D3E3C00EAE3E4 /* Models */ = {
			isa = PBXGroup;
			children = (
				08A082B3215A3EA7007BDCBA /* WeatherModel.swift */,
				085DA8A6215D3E2E00EAE3E4 /* City.swift */,
				085DA8A9215D415600EAE3E4 /* city.json */,
			);
			path = Models;
			sourceTree = "<group>";
		};
		08A082BD215A40C3007BDCBA /* WebService */ = {
			isa = PBXGroup;
			children = (
				08A082B9215A405A007BDCBA /* Result.swift */,
				08A082B7215A3FFC007BDCBA /* Downloadable.swift */,
				08A082BB215A40B6007BDCBA /* Parseable.swift */,
			);
			path = WebService;
			sourceTree = "<group>";
		};
		08A082C4215A43EE007BDCBA /* Common */ = {
			isa = PBXGroup;
			children = (
				08A082BE215A4258007BDCBA /* Constants.swift */,
				08A082B5215A3F61007BDCBA /* WeatherUtilities.swift */,
			);
			path = Common;
			sourceTree = "<group>";
		};
		08BC99D82159434A00D57F6D = {
			isa = PBXGroup;
			children = (
				08BC99E32159434A00D57F6D /* WeatherToday */,
				08BC99F82159434E00D57F6D /* WeatherTodayTests */,
				08BC99E22159434A00D57F6D /* Products */,
			);
			sourceTree = "<group>";
		};
		08BC99E22159434A00D57F6D /* Products */ = {
			isa = PBXGroup;
			children = (
				08BC99E12159434A00D57F6D /* WeatherToday.app */,
				08BC99F52159434E00D57F6D /* WeatherTodayTests.xctest */,
			);
			name = Products;
			sourceTree = "<group>";
		};
		08BC99E32159434A00D57F6D /* WeatherToday */ = {
			isa = PBXGroup;
			children = (
				08BC99E42159434A00D57F6D /* AppDelegate.swift */,
				08BC99E62159434A00D57F6D /* WeatherViewController.swift */,
				08A082B1215A3DD6007BDCBA /* WeatherViewModel.swift */,
				08A082C0215A43E4007BDCBA /* WeatherCollectionCell.swift */,
				08A082C1215A43E4007BDCBA /* WeatherTableCell.swift */,
				085DA8A8215D3E3C00EAE3E4 /* Models */,
				08A082C4215A43EE007BDCBA /* Common */,
				08A082BD215A40C3007BDCBA /* WebService */,
				08BC99E82159434A00D57F6D /* Main.storyboard */,
				08BC99EB2159434E00D57F6D /* Assets.xcassets */,
				08BC99ED2159434E00D57F6D /* LaunchScreen.storyboard */,
				08BC99F02159434E00D57F6D /* Info.plist */,
			);
			path = WeatherToday;
			sourceTree = "<group>";
		};
		08BC99F82159434E00D57F6D /* WeatherTodayTests */ = {
			isa = PBXGroup;
			children = (
				08BC99F92159434E00D57F6D /* WeatherViewModelTests.swift */,
				08CDA0B3215EA0FC0081AF24 /* WeatherUtilitiesTest.swift */,
				08CDA0B5215EA7D50081AF24 /* weatherMiscellaneousTest.swift */,
				08BC99FB2159434E00D57F6D /* Info.plist */,
			);
			path = WeatherTodayTests;
			sourceTree = "<group>";
		};
/* End PBXGroup section */

/* Begin PBXNativeTarget section */
		08BC99E02159434A00D57F6D /* WeatherToday */ = {
			isa = PBXNativeTarget;
			buildConfigurationList = 08BC99FE2159434E00D57F6D /* Build configuration list for PBXNativeTarget "WeatherToday" */;
			buildPhases = (
				08BC99DD2159434A00D57F6D /* Sources */,
				08BC99DE2159434A00D57F6D /* Frameworks */,
				08BC99DF2159434A00D57F6D /* Resources */,
			);
			buildRules = (
			);
			dependencies = (
			);
			name = WeatherToday;
			productName = WeatherToday;
			productReference = 08BC99E12159434A00D57F6D /* WeatherToday.app */;
			productType = "com.apple.product-type.application";
		};
		08BC99F42159434E00D57F6D /* WeatherTodayTests */ = {
			isa = PBXNativeTarget;
			buildConfigurationList = 08BC9A012159434E00D57F6D /* Build configuration list for PBXNativeTarget "WeatherTodayTests" */;
			buildPhases = (
				08BC99F12159434E00D57F6D /* Sources */,
				08BC99F22159434E00D57F6D /* Frameworks */,
				08BC99F32159434E00D57F6D /* Resources */,
			);
			buildRules = (
			);
			dependencies = (
				08BC99F72159434E00D57F6D /* PBXTargetDependency */,
			);
			name = WeatherTodayTests;
			productName = WeatherTodayTests;
			productReference = 08BC99F52159434E00D57F6D /* WeatherTodayTests.xctest */;
			productType = "com.apple.product-type.bundle.unit-test";
		};
/* End PBXNativeTarget section */

/* Begin PBXProject section */
		08BC99D92159434A00D57F6D /* Project object */ = {
			isa = PBXProject;
			attributes = {
				LastSwiftUpdateCheck = 1000;
				LastUpgradeCheck = 1000;
				ORGANIZATIONNAME = "Applied Materials";
				TargetAttributes = {
					08BC99E02159434A00D57F6D = {
						CreatedOnToolsVersion = 10.0;
					};
					08BC99F42159434E00D57F6D = {
						CreatedOnToolsVersion = 10.0;
						TestTargetID = 08BC99E02159434A00D57F6D;
					};
				};
			};
			buildConfigurationList = 08BC99DC2159434A00D57F6D /* Build configuration list for PBXProject "WeatherToday" */;
			compatibilityVersion = "Xcode 9.3";
			developmentRegion = en;
			hasScannedForEncodings = 0;
			knownRegions = (
				en,
				Base,
			);
			mainGroup = 08BC99D82159434A00D57F6D;
			productRefGroup = 08BC99E22159434A00D57F6D /* Products */;
			projectDirPath = "";
			projectRoot = "";
			targets = (
				08BC99E02159434A00D57F6D /* WeatherToday */,
				08BC99F42159434E00D57F6D /* WeatherTodayTests */,
			);
		};
/* End PBXProject section */

/* Begin PBXResourcesBuildPhase section */
		08BC99DF2159434A00D57F6D /* Resources */ = {
			isa = PBXResourcesBuildPhase;
			buildActionMask = 2147483647;
			files = (
				08BC99EF2159434E00D57F6D /* LaunchScreen.storyboard in Resources */,
				08BC99EC2159434E00D57F6D /* Assets.xcassets in Resources */,
				085DA8AA215D415600EAE3E4 /* city.json in Resources */,
				08BC99EA2159434A00D57F6D /* Main.storyboard in Resources */,
			);
			runOnlyForDeploymentPostprocessing = 0;
		};
		08BC99F32159434E00D57F6D /* Resources */ = {
			isa = PBXResourcesBuildPhase;
			buildActionMask = 2147483647;
			files = (
			);
			runOnlyForDeploymentPostprocessing = 0;
		};
/* End PBXResourcesBuildPhase section */

/* Begin PBXSourcesBuildPhase section */
		08BC99DD2159434A00D57F6D /* Sources */ = {
			isa = PBXSourcesBuildPhase;
			buildActionMask = 2147483647;
			files = (
				08A082B6215A3F61007BDCBA /* WeatherUtilities.swift in Sources */,
				08A082BC215A40B6007BDCBA /* Parseable.swift in Sources */,
				085DA8A7215D3E2E00EAE3E4 /* City.swift in Sources */,
				08BC99E72159434A00D57F6D /* WeatherViewController.swift in Sources */,
				08A082B2215A3DD6007BDCBA /* WeatherViewModel.swift in Sources */,
				08A082C3215A43E5007BDCBA /* WeatherTableCell.swift in Sources */,
				08A082B4215A3EA7007BDCBA /* WeatherModel.swift in Sources */,
				08A082BA215A405A007BDCBA /* Result.swift in Sources */,
				08BC99E52159434A00D57F6D /* AppDelegate.swift in Sources */,
				08A082B8215A3FFD007BDCBA /* Downloadable.swift in Sources */,
				08A082C2215A43E5007BDCBA /* WeatherCollectionCell.swift in Sources */,
				08A082BF215A4258007BDCBA /* Constants.swift in Sources */,
			);
			runOnlyForDeploymentPostprocessing = 0;
		};
		08BC99F12159434E00D57F6D /* Sources */ = {
			isa = PBXSourcesBuildPhase;
			buildActionMask = 2147483647;
			files = (
				08BC99FA2159434E00D57F6D /* WeatherViewModelTests.swift in Sources */,
				08CDA0B6215EA7D50081AF24 /* weatherMiscellaneousTest.swift in Sources */,
				08CDA0B4215EA0FC0081AF24 /* WeatherUtilitiesTest.swift in Sources */,
			);
			runOnlyForDeploymentPostprocessing = 0;
		};
/* End PBXSourcesBuildPhase section */

/* Begin PBXTargetDependency section */
		08BC99F72159434E00D57F6D /* PBXTargetDependency */ = {
			isa = PBXTargetDependency;
			target = 08BC99E02159434A00D57F6D /* WeatherToday */;
			targetProxy = 08BC99F62159434E00D57F6D /* PBXContainerItemProxy */;
		};
/* End PBXTargetDependency section */

/* Begin PBXVariantGroup section */
		08BC99E82159434A00D57F6D /* Main.storyboard */ = {
			isa = PBXVariantGroup;
			children = (
				08BC99E92159434A00D57F6D /* Base */,
			);
			name = Main.storyboard;
			sourceTree = "<group>";
		};
		08BC99ED2159434E00D57F6D /* LaunchScreen.storyboard */ = {
			isa = PBXVariantGroup;
			children = (
				08BC99EE2159434E00D57F6D /* Base */,
			);
			name = LaunchScreen.storyboard;
			sourceTree = "<group>";
		};
/* End PBXVariantGroup section */

/* Begin XCBuildConfiguration section */
		08BC99FC2159434E00D57F6D /* Debug */ = {
			isa = XCBuildConfiguration;
			buildSettings = {
				ALWAYS_SEARCH_USER_PATHS = NO;
				CLANG_ANALYZER_NONNULL = YES;
				CLANG_ANALYZER_NUMBER_OBJECT_CONVERSION = YES_AGGRESSIVE;
				CLANG_CXX_LANGUAGE_STANDARD = "gnu++14";
				CLANG_CXX_LIBRARY = "libc++";
				CLANG_ENABLE_MODULES = YES;
				CLANG_ENABLE_OBJC_ARC = YES;
				CLANG_ENABLE_OBJC_WEAK = YES;
				CLANG_WARN_BLOCK_CAPTURE_AUTORELEASING = YES;
				CLANG_WARN_BOOL_CONVERSION = YES;
				CLANG_WARN_COMMA = YES;
				CLANG_WARN_CONSTANT_CONVERSION = YES;
				CLANG_WARN_DEPRECATED_OBJC_IMPLEMENTATIONS = YES;
				CLANG_WARN_DIRECT_OBJC_ISA_USAGE = YES_ERROR;
				CLANG_WARN_DOCUMENTATION_COMMENTS = YES;
				CLANG_WARN_EMPTY_BODY = YES;
				CLANG_WARN_ENUM_CONVERSION = YES;
				CLANG_WARN_INFINITE_RECURSION = YES;
				CLANG_WARN_INT_CONVERSION = YES;
				CLANG_WARN_NON_LITERAL_NULL_CONVERSION = YES;
				CLANG_WARN_OBJC_IMPLICIT_RETAIN_SELF = YES;
				CLANG_WARN_OBJC_LITERAL_CONVERSION = YES;
				CLANG_WARN_OBJC_ROOT_CLASS = YES_ERROR;
				CLANG_WARN_RANGE_LOOP_ANALYSIS = YES;
				CLANG_WARN_STRICT_PROTOTYPES = YES;
				CLANG_WARN_SUSPICIOUS_MOVE = YES;
				CLANG_WARN_UNGUARDED_AVAILABILITY = YES_AGGRESSIVE;
				CLANG_WARN_UNREACHABLE_CODE = YES;
				CLANG_WARN__DUPLICATE_METHOD_MATCH = YES;
				CODE_SIGN_IDENTITY = "iPhone Developer";
				COPY_PHASE_STRIP = NO;
				DEBUG_INFORMATION_FORMAT = dwarf;
				ENABLE_STRICT_OBJC_MSGSEND = YES;
				ENABLE_TESTABILITY = YES;
				GCC_C_LANGUAGE_STANDARD = gnu11;
				GCC_DYNAMIC_NO_PIC = NO;
				GCC_NO_COMMON_BLOCKS = YES;
				GCC_OPTIMIZATION_LEVEL = 0;
				GCC_PREPROCESSOR_DEFINITIONS = (
					"DEBUG=1",
					"$(inherited)",
				);
				GCC_WARN_64_TO_32_BIT_CONVERSION = YES;
				GCC_WARN_ABOUT_RETURN_TYPE = YES_ERROR;
				GCC_WARN_UNDECLARED_SELECTOR = YES;
				GCC_WARN_UNINITIALIZED_AUTOS = YES_AGGRESSIVE;
				GCC_WARN_UNUSED_FUNCTION = YES;
				GCC_WARN_UNUSED_VARIABLE = YES;
				IPHONEOS_DEPLOYMENT_TARGET = 12.0;
				MTL_ENABLE_DEBUG_INFO = INCLUDE_SOURCE;
				MTL_FAST_MATH = YES;
				ONLY_ACTIVE_ARCH = YES;
				SDKROOT = iphoneos;
				SWIFT_ACTIVE_COMPILATION_CONDITIONS = DEBUG;
				SWIFT_OPTIMIZATION_LEVEL = "-Onone";
			};
			name = Debug;
		};
		08BC99FD2159434E00D57F6D /* Release */ = {
			isa = XCBuildConfiguration;
			buildSettings = {
				ALWAYS_SEARCH_USER_PATHS = NO;
				CLANG_ANALYZER_NONNULL = YES;
				CLANG_ANALYZER_NUMBER_OBJECT_CONVERSION = YES_AGGRESSIVE;
				CLANG_CXX_LANGUAGE_STANDARD = "gnu++14";
				CLANG_CXX_LIBRARY = "libc++";
				CLANG_ENABLE_MODULES = YES;
				CLANG_ENABLE_OBJC_ARC = YES;
				CLANG_ENABLE_OBJC_WEAK = YES;
				CLANG_WARN_BLOCK_CAPTURE_AUTORELEASING = YES;
				CLANG_WARN_BOOL_CONVERSION = YES;
				CLANG_WARN_COMMA = YES;
				CLANG_WARN_CONSTANT_CONVERSION = YES;
				CLANG_WARN_DEPRECATED_OBJC_IMPLEMENTATIONS = YES;
				CLANG_WARN_DIRECT_OBJC_ISA_USAGE = YES_ERROR;
				CLANG_WARN_DOCUMENTATION_COMMENTS = YES;
				CLANG_WARN_EMPTY_BODY = YES;
				CLANG_WARN_ENUM_CONVERSION = YES;
				CLANG_WARN_INFINITE_RECURSION = YES;
				CLANG_WARN_INT_CONVERSION = YES;
				CLANG_WARN_NON_LITERAL_NULL_CONVERSION = YES;
				CLANG_WARN_OBJC_IMPLICIT_RETAIN_SELF = YES;
				CLANG_WARN_OBJC_LITERAL_CONVERSION = YES;
				CLANG_WARN_OBJC_ROOT_CLASS = YES_ERROR;
				CLANG_WARN_RANGE_LOOP_ANALYSIS = YES;
				CLANG_WARN_STRICT_PROTOTYPES = YES;
				CLANG_WARN_SUSPICIOUS_MOVE = YES;
				CLANG_WARN_UNGUARDED_AVAILABILITY = YES_AGGRESSIVE;
				CLANG_WARN_UNREACHABLE_CODE = YES;
				CLANG_WARN__DUPLICATE_METHOD_MATCH = YES;
				CODE_SIGN_IDENTITY = "iPhone Developer";
				COPY_PHASE_STRIP = NO;
				DEBUG_INFORMATION_FORMAT = "dwarf-with-dsym";
				ENABLE_NS_ASSERTIONS = NO;
				ENABLE_STRICT_OBJC_MSGSEND = YES;
				GCC_C_LANGUAGE_STANDARD = gnu11;
				GCC_NO_COMMON_BLOCKS = YES;
				GCC_WARN_64_TO_32_BIT_CONVERSION = YES;
				GCC_WARN_ABOUT_RETURN_TYPE = YES_ERROR;
				GCC_WARN_UNDECLARED_SELECTOR = YES;
				GCC_WARN_UNINITIALIZED_AUTOS = YES_AGGRESSIVE;
				GCC_WARN_UNUSED_FUNCTION = YES;
				GCC_WARN_UNUSED_VARIABLE = YES;
				IPHONEOS_DEPLOYMENT_TARGET = 12.0;
				MTL_ENABLE_DEBUG_INFO = NO;
				MTL_FAST_MATH = YES;
				SDKROOT = iphoneos;
				SWIFT_COMPILATION_MODE = wholemodule;
				SWIFT_OPTIMIZATION_LEVEL = "-O";
				VALIDATE_PRODUCT = YES;
			};
			name = Release;
		};
		08BC99FF2159434E00D57F6D /* Debug */ = {
			isa = XCBuildConfiguration;
			buildSettings = {
				ASSETCATALOG_COMPILER_APPICON_NAME = AppIcon;
				CODE_SIGN_STYLE = Manual;
				DEVELOPMENT_TEAM = LCDC66DJM2;
				INFOPLIST_FILE = WeatherToday/Info.plist;
				LD_RUNPATH_SEARCH_PATHS = (
					"$(inherited)",
					"@executable_path/Frameworks",
				);
				PRODUCT_BUNDLE_IDENTIFIER = com.amat.WeatherToday;
				PRODUCT_NAME = "$(TARGET_NAME)";
				PROVISIONING_PROFILE_SPECIFIER = iOS_Team_DevProfile1;
				SWIFT_VERSION = 4.2;
				TARGETED_DEVICE_FAMILY = "1,2";
			};
			name = Debug;
		};
		08BC9A002159434E00D57F6D /* Release */ = {
			isa = XCBuildConfiguration;
			buildSettings = {
				ASSETCATALOG_COMPILER_APPICON_NAME = AppIcon;
				CODE_SIGN_STYLE = Manual;
				DEVELOPMENT_TEAM = LCDC66DJM2;
				INFOPLIST_FILE = WeatherToday/Info.plist;
				LD_RUNPATH_SEARCH_PATHS = (
					"$(inherited)",
					"@executable_path/Frameworks",
				);
				PRODUCT_BUNDLE_IDENTIFIER = com.amat.WeatherToday;
				PRODUCT_NAME = "$(TARGET_NAME)";
				PROVISIONING_PROFILE_SPECIFIER = iOS_Team_DevProfile1;
				SWIFT_VERSION = 4.2;
				TARGETED_DEVICE_FAMILY = "1,2";
			};
			name = Release;
		};
		08BC9A022159434E00D57F6D /* Debug */ = {
			isa = XCBuildConfiguration;
			buildSettings = {
				ALWAYS_EMBED_SWIFT_STANDARD_LIBRARIES = YES;
				BUNDLE_LOADER = "$(TEST_HOST)";
				CODE_SIGN_STYLE = Automatic;
				INFOPLIST_FILE = WeatherTodayTests/Info.plist;
				LD_RUNPATH_SEARCH_PATHS = (
					"$(inherited)",
					"@executable_path/Frameworks",
					"@loader_path/Frameworks",
				);
				PRODUCT_BUNDLE_IDENTIFIER = com.amat.WeatherTodayTests;
				PRODUCT_NAME = "$(TARGET_NAME)";
				SWIFT_VERSION = 4.2;
				TARGETED_DEVICE_FAMILY = "1,2";
				TEST_HOST = "$(BUILT_PRODUCTS_DIR)/WeatherToday.app/WeatherToday";
			};
			name = Debug;
		};
		08BC9A032159434E00D57F6D /* Release */ = {
			isa = XCBuildConfiguration;
			buildSettings = {
				ALWAYS_EMBED_SWIFT_STANDARD_LIBRARIES = YES;
				BUNDLE_LOADER = "$(TEST_HOST)";
				CODE_SIGN_STYLE = Automatic;
				INFOPLIST_FILE = WeatherTodayTests/Info.plist;
				LD_RUNPATH_SEARCH_PATHS = (
					"$(inherited)",
					"@executable_path/Frameworks",
					"@loader_path/Frameworks",
				);
				PRODUCT_BUNDLE_IDENTIFIER = com.amat.WeatherTodayTests;
				PRODUCT_NAME = "$(TARGET_NAME)";
				SWIFT_VERSION = 4.2;
				TARGETED_DEVICE_FAMILY = "1,2";
				TEST_HOST = "$(BUILT_PRODUCTS_DIR)/WeatherToday.app/WeatherToday";
			};
			name = Release;
		};
/* End XCBuildConfiguration section */

/* Begin XCConfigurationList section */
		08BC99DC2159434A00D57F6D /* Build configuration list for PBXProject "WeatherToday" */ = {
			isa = XCConfigurationList;
			buildConfigurations = (
				08BC99FC2159434E00D57F6D /* Debug */,
				08BC99FD2159434E00D57F6D /* Release */,
			);
			defaultConfigurationIsVisible = 0;
			defaultConfigurationName = Release;
		};
		08BC99FE2159434E00D57F6D /* Build configuration list for PBXNativeTarget "WeatherToday" */ = {
			isa = XCConfigurationList;
			buildConfigurations = (
				08BC99FF2159434E00D57F6D /* Debug */,
				08BC9A002159434E00D57F6D /* Release */,
			);
			defaultConfigurationIsVisible = 0;
			defaultConfigurationName = Release;
		};
		08BC9A012159434E00D57F6D /* Build configuration list for PBXNativeTarget "WeatherTodayTests" */ = {
			isa = XCConfigurationList;
			buildConfigurations = (
				08BC9A022159434E00D57F6D /* Debug */,
				08BC9A032159434E00D57F6D /* Release */,
			);
			defaultConfigurationIsVisible = 0;
			defaultConfigurationName = Release;
		};
/* End XCConfigurationList section */
	};
	rootObject = 08BC99D92159434A00D57F6D /* Project object */;
}
